// !$*UTF8*$!
{
	archiveVersion = 1;
	classes = {
	};
	objectVersion = 50;
	objects = {

/* Begin PBXBuildFile section */
		8E0D20FF24F84E73003E24AD /* NavigationBarModifier.swift in Sources */ = {isa = PBXBuildFile; fileRef = 8E0D20FE24F84E73003E24AD /* NavigationBarModifier.swift */; };
		8E1058EC25CF3A8E0011A105 /* WaitingToShare.swift in Sources */ = {isa = PBXBuildFile; fileRef = 8E1058EB25CF3A8E0011A105 /* WaitingToShare.swift */; };
		8E1B2125257FE3A20036FFBF /* PDfViewer.swift in Sources */ = {isa = PBXBuildFile; fileRef = 8E1B2124257FE3A20036FFBF /* PDfViewer.swift */; };
		8E2802DE24EC5A8D008B6057 /* MealType+CoreDataClass.swift in Sources */ = {isa = PBXBuildFile; fileRef = 8E2802DC24EC5A8D008B6057 /* MealType+CoreDataClass.swift */; };
		8E2802DF24EC5A8D008B6057 /* MealType+CoreDataProperties.swift in Sources */ = {isa = PBXBuildFile; fileRef = 8E2802DD24EC5A8D008B6057 /* MealType+CoreDataProperties.swift */; };
		8E2802E124EC7B70008B6057 /* MealTypeList.swift in Sources */ = {isa = PBXBuildFile; fileRef = 8E2802E024EC7B70008B6057 /* MealTypeList.swift */; };
		8E2A4CE524F57E3000950FB0 /* ColorRefernece.swift in Sources */ = {isa = PBXBuildFile; fileRef = 8E2A4CE424F57E3000950FB0 /* ColorRefernece.swift */; };
		8E2A4CE824F5B32300950FB0 /* TextListView.swift in Sources */ = {isa = PBXBuildFile; fileRef = 8E2A4CE724F5B32300950FB0 /* TextListView.swift */; };
		8E2FEC8F253CB50C00E4B608 /* RecipePageView.swift in Sources */ = {isa = PBXBuildFile; fileRef = 8E2FEC8E253CB50C00E4B608 /* RecipePageView.swift */; };
		8E4A72E1255480E6005C2E3E /* URLFlietTextView.swift in Sources */ = {isa = PBXBuildFile; fileRef = 8E4A72E0255480E6005C2E3E /* URLFlietTextView.swift */; };
		8E4A72EE2555F5CD005C2E3E /* RecipeIngredientsView.swift in Sources */ = {isa = PBXBuildFile; fileRef = 8E4A72ED2555F5CD005C2E3E /* RecipeIngredientsView.swift */; };
		8E4F1E112506CECD0027E67A /* GeneralInformationView.swift in Sources */ = {isa = PBXBuildFile; fileRef = 8E4F1E102506CECD0027E67A /* GeneralInformationView.swift */; };
		8E4F1E132506D0980027E67A /* RecipePreparationView.swift in Sources */ = {isa = PBXBuildFile; fileRef = 8E4F1E122506D0980027E67A /* RecipePreparationView.swift */; };
		8E606B4725AE395600ACCF8C /* SavedValues.swift in Sources */ = {isa = PBXBuildFile; fileRef = 8E606B4625AE395600ACCF8C /* SavedValues.swift */; };
		8E606B5425AF5A7F00ACCF8C /* ButtonView.swift in Sources */ = {isa = PBXBuildFile; fileRef = 8E606B5325AF5A7F00ACCF8C /* ButtonView.swift */; };
		8E66023124F977F000129221 /* SwiftUI.framework in Frameworks */ = {isa = PBXBuildFile; fileRef = 8E66023024F977EF00129221 /* SwiftUI.framework */; settings = {ATTRIBUTES = (Weak, ); }; };
		8E66023224F9787B00129221 /* CloudKit.framework in Frameworks */ = {isa = PBXBuildFile; fileRef = 8EDF0A6E24E5DAB000F2A490 /* CloudKit.framework */; };
		8E702EB025C2001400440C85 /* UnlockBookView.swift in Sources */ = {isa = PBXBuildFile; fileRef = 8E702EAF25C2001400440C85 /* UnlockBookView.swift */; };
		8E702EB625C336D700440C85 /* IAPManager.swift in Sources */ = {isa = PBXBuildFile; fileRef = 8E702EB525C336D700440C85 /* IAPManager.swift */; };
		8E702EBB25C33BD600440C85 /* StoreKit.framework in Frameworks */ = {isa = PBXBuildFile; fileRef = 8E702EBA25C33BD600440C85 /* StoreKit.framework */; };
		8E7348AA2563274100997484 /* Coordinator2.swift in Sources */ = {isa = PBXBuildFile; fileRef = 8E7348A92563274100997484 /* Coordinator2.swift */; };
		8E7349032565ADF700997484 /* ScanDocumentView.swift in Sources */ = {isa = PBXBuildFile; fileRef = 8E7349022565ADF600997484 /* ScanDocumentView.swift */; };
		8E8010BA25C9E64300F9F232 /* InternetMonitor.swift in Sources */ = {isa = PBXBuildFile; fileRef = 8E8010B925C9E64300F9F232 /* InternetMonitor.swift */; };
		8E83D635256861A3005ADBFB /* Localizable.strings in Resources */ = {isa = PBXBuildFile; fileRef = 8E83D637256861A3005ADBFB /* Localizable.strings */; };
		8E83D6402569BB31005ADBFB /* FuncForLocalisation.swift in Sources */ = {isa = PBXBuildFile; fileRef = 8E83D63F2569BB31005ADBFB /* FuncForLocalisation.swift */; };
		8E83E2C025A9010B003AB35F /* Duplicates.swift in Sources */ = {isa = PBXBuildFile; fileRef = 8E83E2BF25A9010B003AB35F /* Duplicates.swift */; };
		8E8626EB25F54DB000F1ADB8 /* InfoPlist.strings in Resources */ = {isa = PBXBuildFile; fileRef = 8E8626ED25F54DB000F1ADB8 /* InfoPlist.strings */; };
		8E9CD8C325895AAA0096EB68 /* SavedPdfView.swift in Sources */ = {isa = PBXBuildFile; fileRef = 8E9CD8C225895AAA0096EB68 /* SavedPdfView.swift */; };
		8EA128CB266FFB0D00A4E810 /* CKContainer+CloudKitShare.swift in Sources */ = {isa = PBXBuildFile; fileRef = 8EA128CA266FFB0D00A4E810 /* CKContainer+CloudKitShare.swift */; };
		8EA128D0266FFB5500A4E810 /* HandleCloudKitError.swift in Sources */ = {isa = PBXBuildFile; fileRef = 8EA128CF266FFB5500A4E810 /* HandleCloudKitError.swift */; };
		8EB0CE9024F9A3EA002100BE /* AddARecipe.swift in Sources */ = {isa = PBXBuildFile; fileRef = 8EB0CE8F24F9A3EA002100BE /* AddARecipe.swift */; };
		8EB0CEDE24FEDDBC002100BE /* NutritionalFactsView.swift in Sources */ = {isa = PBXBuildFile; fileRef = 8EB0CEDD24FEDDBC002100BE /* NutritionalFactsView.swift */; };
		8EB442B524D4AA7000AE0D52 /* AppDelegate.swift in Sources */ = {isa = PBXBuildFile; fileRef = 8EB442B424D4AA7000AE0D52 /* AppDelegate.swift */; };
		8EB442B724D4AA7000AE0D52 /* SceneDelegate.swift in Sources */ = {isa = PBXBuildFile; fileRef = 8EB442B624D4AA7000AE0D52 /* SceneDelegate.swift */; };
		8EB442BA24D4AA7000AE0D52 /* RecipeBook.xcdatamodeld in Sources */ = {isa = PBXBuildFile; fileRef = 8EB442B824D4AA7000AE0D52 /* RecipeBook.xcdatamodeld */; };
		8EB442BC24D4AA7000AE0D52 /* ContentView.swift in Sources */ = {isa = PBXBuildFile; fileRef = 8EB442BB24D4AA7000AE0D52 /* ContentView.swift */; };
		8EB442BE24D4AA7500AE0D52 /* Assets.xcassets in Resources */ = {isa = PBXBuildFile; fileRef = 8EB442BD24D4AA7500AE0D52 /* Assets.xcassets */; };
		8EB442C124D4AA7500AE0D52 /* Preview Assets.xcassets in Resources */ = {isa = PBXBuildFile; fileRef = 8EB442C024D4AA7500AE0D52 /* Preview Assets.xcassets */; };
		8EB442C424D4AA7500AE0D52 /* LaunchScreen.storyboard in Resources */ = {isa = PBXBuildFile; fileRef = 8EB442C224D4AA7500AE0D52 /* LaunchScreen.storyboard */; };
		8EB442CF24D4AA7700AE0D52 /* RecipeBookTests.swift in Sources */ = {isa = PBXBuildFile; fileRef = 8EB442CE24D4AA7700AE0D52 /* RecipeBookTests.swift */; };
		8EB442DA24D4AA7700AE0D52 /* RecipeBookUITests.swift in Sources */ = {isa = PBXBuildFile; fileRef = 8EB442D924D4AA7700AE0D52 /* RecipeBookUITests.swift */; };
		8EB442EA24D4AAE500AE0D52 /* IngredientView.swift in Sources */ = {isa = PBXBuildFile; fileRef = 8EB442E924D4AAE500AE0D52 /* IngredientView.swift */; };
		8EB442EC24D4AAED00AE0D52 /* PreparationView.swift in Sources */ = {isa = PBXBuildFile; fileRef = 8EB442EB24D4AAED00AE0D52 /* PreparationView.swift */; };
		8EB442EE24D4AAF300AE0D52 /* PhotoView.swift in Sources */ = {isa = PBXBuildFile; fileRef = 8EB442ED24D4AAF300AE0D52 /* PhotoView.swift */; };
		8EB442F024D4AAFB00AE0D52 /* Extensions.swift in Sources */ = {isa = PBXBuildFile; fileRef = 8EB442EF24D4AAFB00AE0D52 /* Extensions.swift */; };
		8EB442F524D4AB0400AE0D52 /* CaptureImageView.swift in Sources */ = {isa = PBXBuildFile; fileRef = 8EB442F224D4AB0400AE0D52 /* CaptureImageView.swift */; };
		8EB442F924D4AB0D00AE0D52 /* KeyBoardHandler.swift in Sources */ = {isa = PBXBuildFile; fileRef = 8EB442F824D4AB0D00AE0D52 /* KeyBoardHandler.swift */; };
		8EB5F75C25E58C5400366737 /* iPhonePresent.swift in Sources */ = {isa = PBXBuildFile; fileRef = 8EB5F75B25E58C5400366737 /* iPhonePresent.swift */; };
		8EBAEC8E25797AAD0088EE6C /* DrawFromUrl.swift in Sources */ = {isa = PBXBuildFile; fileRef = 8EBAEC8D25797AAD0088EE6C /* DrawFromUrl.swift */; };
		8EC53B39258BB41A00247B3E /* SectionHeader.swift in Sources */ = {isa = PBXBuildFile; fileRef = 8EC53B38258BB41A00247B3E /* SectionHeader.swift */; };
		8EC53BB6258E61B100247B3E /* Printing.swift in Sources */ = {isa = PBXBuildFile; fileRef = 8EC53BB5258E61B100247B3E /* Printing.swift */; };
		8EC53BC3258FCE6400247B3E /* PDFCreator.swift in Sources */ = {isa = PBXBuildFile; fileRef = 8EC53BC2258FCE6400247B3E /* PDFCreator.swift */; };
		8EC53BC8258FD06500247B3E /* PdfToUIImage.swift in Sources */ = {isa = PBXBuildFile; fileRef = 8EC53BC7258FD06500247B3E /* PdfToUIImage.swift */; };
		8EDF0A6424DF449300F2A490 /* Recipe+CoreDataClass.swift in Sources */ = {isa = PBXBuildFile; fileRef = 8EDF0A6224DF449300F2A490 /* Recipe+CoreDataClass.swift */; };
		8EDF0A6524DF449300F2A490 /* Recipe+CoreDataProperties.swift in Sources */ = {isa = PBXBuildFile; fileRef = 8EDF0A6324DF449300F2A490 /* Recipe+CoreDataProperties.swift */; };
		8EDF0A6924E0903300F2A490 /* RecipeDetail.swift in Sources */ = {isa = PBXBuildFile; fileRef = 8EDF0A6824E0903300F2A490 /* RecipeDetail.swift */; };
		8EDF0A6B24E5D42200F2A490 /* RatingView.swift in Sources */ = {isa = PBXBuildFile; fileRef = 8EDF0A6A24E5D42200F2A490 /* RatingView.swift */; };
		8EE1C43424F1A22A00E9E9FA /* FilteredrecipeListView.swift in Sources */ = {isa = PBXBuildFile; fileRef = 8EE1C43324F1A22A00E9E9FA /* FilteredrecipeListView.swift */; };
		8EE219C525B78C8400075986 /* AlertEnum.swift in Sources */ = {isa = PBXBuildFile; fileRef = 8EE219C425B78C8400075986 /* AlertEnum.swift */; };
		8EE219E125BDD11200075986 /* NMLogo.swift in Sources */ = {isa = PBXBuildFile; fileRef = 8EE219E025BDD11200075986 /* NMLogo.swift */; };
		8EE219EC25BDD24200075986 /* Acoustic Trio.wav in Resources */ = {isa = PBXBuildFile; fileRef = 8EE219EB25BDD24200075986 /* Acoustic Trio.wav */; };
		8EFB3EC3259E5AB3003F165D /* PdfSizeReduction.swift in Sources */ = {isa = PBXBuildFile; fileRef = 8EFB3EC2259E5AB3003F165D /* PdfSizeReduction.swift */; };
		8EFB3EDD25A114DB003F165D /* NewMealTypeView.swift in Sources */ = {isa = PBXBuildFile; fileRef = 8EFB3EDC25A114DB003F165D /* NewMealTypeView.swift */; };
/* End PBXBuildFile section */

/* Begin PBXContainerItemProxy section */
		8EB442CB24D4AA7700AE0D52 /* PBXContainerItemProxy */ = {
			isa = PBXContainerItemProxy;
			containerPortal = 8EB442A924D4AA7000AE0D52 /* Project object */;
			proxyType = 1;
			remoteGlobalIDString = 8EB442B024D4AA7000AE0D52;
			remoteInfo = RecipeBook;
		};
		8EB442D624D4AA7700AE0D52 /* PBXContainerItemProxy */ = {
			isa = PBXContainerItemProxy;
			containerPortal = 8EB442A924D4AA7000AE0D52 /* Project object */;
			proxyType = 1;
			remoteGlobalIDString = 8EB442B024D4AA7000AE0D52;
			remoteInfo = RecipeBook;
		};
/* End PBXContainerItemProxy section */

/* Begin PBXFileReference section */
		8E0D20FE24F84E73003E24AD /* NavigationBarModifier.swift */ = {isa = PBXFileReference; lastKnownFileType = sourcecode.swift; path = NavigationBarModifier.swift; sourceTree = "<group>"; };
		8E1058EB25CF3A8E0011A105 /* WaitingToShare.swift */ = {isa = PBXFileReference; lastKnownFileType = sourcecode.swift; path = WaitingToShare.swift; sourceTree = "<group>"; };
		8E1760E82597BF4000D62129 /* en-AU */ = {isa = PBXFileReference; lastKnownFileType = text.plist.strings; name = "en-AU"; path = "en-AU.lproj/LaunchScreen.strings"; sourceTree = "<group>"; };
		8E1760E92597BF4100D62129 /* en-AU */ = {isa = PBXFileReference; lastKnownFileType = text.plist.strings; name = "en-AU"; path = "en-AU.lproj/Localizable.strings"; sourceTree = "<group>"; };
		8E1B2124257FE3A20036FFBF /* PDfViewer.swift */ = {isa = PBXFileReference; fileEncoding = 4; lastKnownFileType = sourcecode.swift; path = PDfViewer.swift; sourceTree = "<group>"; };
		8E2802DC24EC5A8D008B6057 /* MealType+CoreDataClass.swift */ = {isa = PBXFileReference; lastKnownFileType = sourcecode.swift; name = "MealType+CoreDataClass.swift"; path = "RecipeBook/Data/MealType+CoreDataClass.swift"; sourceTree = SOURCE_ROOT; };
		8E2802DD24EC5A8D008B6057 /* MealType+CoreDataProperties.swift */ = {isa = PBXFileReference; lastKnownFileType = sourcecode.swift; name = "MealType+CoreDataProperties.swift"; path = "RecipeBook/Data/MealType+CoreDataProperties.swift"; sourceTree = SOURCE_ROOT; };
		8E2802E024EC7B70008B6057 /* MealTypeList.swift */ = {isa = PBXFileReference; lastKnownFileType = sourcecode.swift; path = MealTypeList.swift; sourceTree = "<group>"; };
		8E2A4CE424F57E3000950FB0 /* ColorRefernece.swift */ = {isa = PBXFileReference; fileEncoding = 4; lastKnownFileType = sourcecode.swift; path = ColorRefernece.swift; sourceTree = "<group>"; };
		8E2A4CE724F5B32300950FB0 /* TextListView.swift */ = {isa = PBXFileReference; lastKnownFileType = sourcecode.swift; path = TextListView.swift; sourceTree = "<group>"; };
		8E2FEC8E253CB50C00E4B608 /* RecipePageView.swift */ = {isa = PBXFileReference; lastKnownFileType = sourcecode.swift; path = RecipePageView.swift; sourceTree = "<group>"; };
		8E4A72DC25534B4B005C2E3E /* es */ = {isa = PBXFileReference; lastKnownFileType = text.plist.strings; name = es; path = es.lproj/LaunchScreen.strings; sourceTree = "<group>"; };
		8E4A72E0255480E6005C2E3E /* URLFlietTextView.swift */ = {isa = PBXFileReference; lastKnownFileType = sourcecode.swift; path = URLFlietTextView.swift; sourceTree = "<group>"; };
		8E4A72ED2555F5CD005C2E3E /* RecipeIngredientsView.swift */ = {isa = PBXFileReference; lastKnownFileType = sourcecode.swift; path = RecipeIngredientsView.swift; sourceTree = "<group>"; };
		8E4F1E102506CECD0027E67A /* GeneralInformationView.swift */ = {isa = PBXFileReference; lastKnownFileType = sourcecode.swift; path = GeneralInformationView.swift; sourceTree = "<group>"; };
		8E4F1E122506D0980027E67A /* RecipePreparationView.swift */ = {isa = PBXFileReference; lastKnownFileType = sourcecode.swift; path = RecipePreparationView.swift; sourceTree = "<group>"; };
		8E606B4625AE395600ACCF8C /* SavedValues.swift */ = {isa = PBXFileReference; lastKnownFileType = sourcecode.swift; path = SavedValues.swift; sourceTree = "<group>"; };
		8E606B5325AF5A7F00ACCF8C /* ButtonView.swift */ = {isa = PBXFileReference; lastKnownFileType = sourcecode.swift; path = ButtonView.swift; sourceTree = "<group>"; };
		8E66023024F977EF00129221 /* SwiftUI.framework */ = {isa = PBXFileReference; lastKnownFileType = wrapper.framework; name = SwiftUI.framework; path = System/Library/Frameworks/SwiftUI.framework; sourceTree = SDKROOT; };
		8E68F8522597BF6C00EA1CEA /* en-GB */ = {isa = PBXFileReference; lastKnownFileType = text.plist.strings; name = "en-GB"; path = "en-GB.lproj/LaunchScreen.strings"; sourceTree = "<group>"; };
		8E68F8532597BF6C00EA1CEA /* en-GB */ = {isa = PBXFileReference; lastKnownFileType = text.plist.strings; name = "en-GB"; path = "en-GB.lproj/Localizable.strings"; sourceTree = "<group>"; };
		8E702EAF25C2001400440C85 /* UnlockBookView.swift */ = {isa = PBXFileReference; lastKnownFileType = sourcecode.swift; path = UnlockBookView.swift; sourceTree = "<group>"; };
		8E702EB525C336D700440C85 /* IAPManager.swift */ = {isa = PBXFileReference; fileEncoding = 4; lastKnownFileType = sourcecode.swift; path = IAPManager.swift; sourceTree = "<group>"; };
		8E702EBA25C33BD600440C85 /* StoreKit.framework */ = {isa = PBXFileReference; lastKnownFileType = wrapper.framework; name = StoreKit.framework; path = System/Library/Frameworks/StoreKit.framework; sourceTree = SDKROOT; };
		8E7348A92563274100997484 /* Coordinator2.swift */ = {isa = PBXFileReference; lastKnownFileType = sourcecode.swift; path = Coordinator2.swift; sourceTree = "<group>"; };
		8E7349022565ADF600997484 /* ScanDocumentView.swift */ = {isa = PBXFileReference; fileEncoding = 4; lastKnownFileType = sourcecode.swift; path = ScanDocumentView.swift; sourceTree = "<group>"; };
		8E8010A025C750C900F9F232 /* StoreKitTest.storekit */ = {isa = PBXFileReference; lastKnownFileType = text; path = StoreKitTest.storekit; sourceTree = "<group>"; };
		8E8010B925C9E64300F9F232 /* InternetMonitor.swift */ = {isa = PBXFileReference; lastKnownFileType = sourcecode.swift; path = InternetMonitor.swift; sourceTree = "<group>"; };
		8E83D636256861A3005ADBFB /* en */ = {isa = PBXFileReference; lastKnownFileType = text.plist.strings; name = en; path = en.lproj/Localizable.strings; sourceTree = "<group>"; };
		8E83D638256861B9005ADBFB /* es */ = {isa = PBXFileReference; lastKnownFileType = text.plist.strings; name = es; path = es.lproj/Localizable.strings; sourceTree = "<group>"; };
		8E83D63F2569BB31005ADBFB /* FuncForLocalisation.swift */ = {isa = PBXFileReference; lastKnownFileType = sourcecode.swift; path = FuncForLocalisation.swift; sourceTree = "<group>"; };
		8E83E2BF25A9010B003AB35F /* Duplicates.swift */ = {isa = PBXFileReference; lastKnownFileType = sourcecode.swift; path = Duplicates.swift; sourceTree = "<group>"; };
		8E8626EC25F54DB000F1ADB8 /* en */ = {isa = PBXFileReference; lastKnownFileType = text.plist.strings; name = en; path = en.lproj/InfoPlist.strings; sourceTree = "<group>"; };
		8E8626F125F54DC000F1ADB8 /* fr */ = {isa = PBXFileReference; lastKnownFileType = text.plist.strings; name = fr; path = fr.lproj/InfoPlist.strings; sourceTree = "<group>"; };
		8E8626F225F54DC100F1ADB8 /* fr-CA */ = {isa = PBXFileReference; lastKnownFileType = text.plist.strings; name = "fr-CA"; path = "fr-CA.lproj/InfoPlist.strings"; sourceTree = "<group>"; };
		8E8626F325F54DC500F1ADB8 /* it */ = {isa = PBXFileReference; lastKnownFileType = text.plist.strings; name = it; path = it.lproj/InfoPlist.strings; sourceTree = "<group>"; };
		8E8626F425F54DC600F1ADB8 /* es */ = {isa = PBXFileReference; lastKnownFileType = text.plist.strings; name = es; path = es.lproj/InfoPlist.strings; sourceTree = "<group>"; };
		8E8626F525F54DC700F1ADB8 /* es-419 */ = {isa = PBXFileReference; lastKnownFileType = text.plist.strings; name = "es-419"; path = "es-419.lproj/InfoPlist.strings"; sourceTree = "<group>"; };
		8E8626F625F54DDA00F1ADB8 /* en-AU */ = {isa = PBXFileReference; lastKnownFileType = text.plist.strings; name = "en-AU"; path = "en-AU.lproj/InfoPlist.strings"; sourceTree = "<group>"; };
		8E8626F725F54DDB00F1ADB8 /* en-IN */ = {isa = PBXFileReference; lastKnownFileType = text.plist.strings; name = "en-IN"; path = "en-IN.lproj/InfoPlist.strings"; sourceTree = "<group>"; };
		8E8626F825F54DDB00F1ADB8 /* en-GB */ = {isa = PBXFileReference; lastKnownFileType = text.plist.strings; name = "en-GB"; path = "en-GB.lproj/InfoPlist.strings"; sourceTree = "<group>"; };
		8E9CD8C225895AAA0096EB68 /* SavedPdfView.swift */ = {isa = PBXFileReference; lastKnownFileType = sourcecode.swift; path = SavedPdfView.swift; sourceTree = "<group>"; };
		8EA128CA266FFB0D00A4E810 /* CKContainer+CloudKitShare.swift */ = {isa = PBXFileReference; fileEncoding = 4; lastKnownFileType = sourcecode.swift; path = "CKContainer+CloudKitShare.swift"; sourceTree = "<group>"; };
		8EA128CF266FFB5500A4E810 /* HandleCloudKitError.swift */ = {isa = PBXFileReference; fileEncoding = 4; lastKnownFileType = sourcecode.swift; path = HandleCloudKitError.swift; sourceTree = "<group>"; };
		8EB0CE8F24F9A3EA002100BE /* AddARecipe.swift */ = {isa = PBXFileReference; lastKnownFileType = sourcecode.swift; path = AddARecipe.swift; sourceTree = "<group>"; };
		8EB0CEDD24FEDDBC002100BE /* NutritionalFactsView.swift */ = {isa = PBXFileReference; lastKnownFileType = sourcecode.swift; path = NutritionalFactsView.swift; sourceTree = "<group>"; };
		8EB1A9BF2597BF9A00717EC4 /* en-IN */ = {isa = PBXFileReference; lastKnownFileType = text.plist.strings; name = "en-IN"; path = "en-IN.lproj/LaunchScreen.strings"; sourceTree = "<group>"; };
		8EB1A9C02597BF9A00717EC4 /* en-IN */ = {isa = PBXFileReference; lastKnownFileType = text.plist.strings; name = "en-IN"; path = "en-IN.lproj/Localizable.strings"; sourceTree = "<group>"; };
		8EB442B124D4AA7000AE0D52 /* RecipeBook.app */ = {isa = PBXFileReference; explicitFileType = wrapper.application; includeInIndex = 0; path = RecipeBook.app; sourceTree = BUILT_PRODUCTS_DIR; };
		8EB442B424D4AA7000AE0D52 /* AppDelegate.swift */ = {isa = PBXFileReference; lastKnownFileType = sourcecode.swift; path = AppDelegate.swift; sourceTree = "<group>"; };
		8EB442B624D4AA7000AE0D52 /* SceneDelegate.swift */ = {isa = PBXFileReference; lastKnownFileType = sourcecode.swift; path = SceneDelegate.swift; sourceTree = "<group>"; };
		8EB442B924D4AA7000AE0D52 /* RecipeBook.xcdatamodel */ = {isa = PBXFileReference; lastKnownFileType = wrapper.xcdatamodel; path = RecipeBook.xcdatamodel; sourceTree = "<group>"; };
		8EB442BB24D4AA7000AE0D52 /* ContentView.swift */ = {isa = PBXFileReference; lastKnownFileType = sourcecode.swift; path = ContentView.swift; sourceTree = "<group>"; };
		8EB442BD24D4AA7500AE0D52 /* Assets.xcassets */ = {isa = PBXFileReference; lastKnownFileType = folder.assetcatalog; path = Assets.xcassets; sourceTree = "<group>"; };
		8EB442C024D4AA7500AE0D52 /* Preview Assets.xcassets */ = {isa = PBXFileReference; lastKnownFileType = folder.assetcatalog; path = "Preview Assets.xcassets"; sourceTree = "<group>"; };
		8EB442C324D4AA7500AE0D52 /* Base */ = {isa = PBXFileReference; lastKnownFileType = file.storyboard; name = Base; path = Base.lproj/LaunchScreen.storyboard; sourceTree = "<group>"; };
		8EB442C524D4AA7500AE0D52 /* Info.plist */ = {isa = PBXFileReference; lastKnownFileType = text.plist.xml; path = Info.plist; sourceTree = "<group>"; };
		8EB442CA24D4AA7700AE0D52 /* RecipeBookTests.xctest */ = {isa = PBXFileReference; explicitFileType = wrapper.cfbundle; includeInIndex = 0; path = RecipeBookTests.xctest; sourceTree = BUILT_PRODUCTS_DIR; };
		8EB442CE24D4AA7700AE0D52 /* RecipeBookTests.swift */ = {isa = PBXFileReference; lastKnownFileType = sourcecode.swift; path = RecipeBookTests.swift; sourceTree = "<group>"; };
		8EB442D024D4AA7700AE0D52 /* Info.plist */ = {isa = PBXFileReference; lastKnownFileType = text.plist.xml; path = Info.plist; sourceTree = "<group>"; };
		8EB442D524D4AA7700AE0D52 /* RecipeBookUITests.xctest */ = {isa = PBXFileReference; explicitFileType = wrapper.cfbundle; includeInIndex = 0; path = RecipeBookUITests.xctest; sourceTree = BUILT_PRODUCTS_DIR; };
		8EB442D924D4AA7700AE0D52 /* RecipeBookUITests.swift */ = {isa = PBXFileReference; lastKnownFileType = sourcecode.swift; path = RecipeBookUITests.swift; sourceTree = "<group>"; };
		8EB442DB24D4AA7700AE0D52 /* Info.plist */ = {isa = PBXFileReference; lastKnownFileType = text.plist.xml; path = Info.plist; sourceTree = "<group>"; };
		8EB442E924D4AAE500AE0D52 /* IngredientView.swift */ = {isa = PBXFileReference; fileEncoding = 4; lastKnownFileType = sourcecode.swift; path = IngredientView.swift; sourceTree = "<group>"; };
		8EB442EB24D4AAED00AE0D52 /* PreparationView.swift */ = {isa = PBXFileReference; fileEncoding = 4; lastKnownFileType = sourcecode.swift; path = PreparationView.swift; sourceTree = "<group>"; };
		8EB442ED24D4AAF300AE0D52 /* PhotoView.swift */ = {isa = PBXFileReference; fileEncoding = 4; lastKnownFileType = sourcecode.swift; path = PhotoView.swift; sourceTree = "<group>"; };
		8EB442EF24D4AAFB00AE0D52 /* Extensions.swift */ = {isa = PBXFileReference; fileEncoding = 4; lastKnownFileType = sourcecode.swift; path = Extensions.swift; sourceTree = "<group>"; };
		8EB442F224D4AB0400AE0D52 /* CaptureImageView.swift */ = {isa = PBXFileReference; fileEncoding = 4; lastKnownFileType = sourcecode.swift; path = CaptureImageView.swift; sourceTree = "<group>"; };
		8EB442F824D4AB0D00AE0D52 /* KeyBoardHandler.swift */ = {isa = PBXFileReference; fileEncoding = 4; lastKnownFileType = sourcecode.swift; path = KeyBoardHandler.swift; sourceTree = "<group>"; };
		8EB5F75B25E58C5400366737 /* iPhonePresent.swift */ = {isa = PBXFileReference; lastKnownFileType = sourcecode.swift; path = iPhonePresent.swift; sourceTree = "<group>"; };
		8EBAEC8D25797AAD0088EE6C /* DrawFromUrl.swift */ = {isa = PBXFileReference; lastKnownFileType = sourcecode.swift; path = DrawFromUrl.swift; sourceTree = "<group>"; };
		8EC53B38258BB41A00247B3E /* SectionHeader.swift */ = {isa = PBXFileReference; lastKnownFileType = sourcecode.swift; path = SectionHeader.swift; sourceTree = "<group>"; };
		8EC53BB5258E61B100247B3E /* Printing.swift */ = {isa = PBXFileReference; fileEncoding = 4; lastKnownFileType = sourcecode.swift; path = Printing.swift; sourceTree = "<group>"; };
		8EC53BC2258FCE6400247B3E /* PDFCreator.swift */ = {isa = PBXFileReference; fileEncoding = 4; lastKnownFileType = sourcecode.swift; path = PDFCreator.swift; sourceTree = "<group>"; };
		8EC53BC7258FD06500247B3E /* PdfToUIImage.swift */ = {isa = PBXFileReference; lastKnownFileType = sourcecode.swift; path = PdfToUIImage.swift; sourceTree = "<group>"; };
		8EDF0A6224DF449300F2A490 /* Recipe+CoreDataClass.swift */ = {isa = PBXFileReference; lastKnownFileType = sourcecode.swift; path = "Recipe+CoreDataClass.swift"; sourceTree = "<group>"; };
		8EDF0A6324DF449300F2A490 /* Recipe+CoreDataProperties.swift */ = {isa = PBXFileReference; lastKnownFileType = sourcecode.swift; path = "Recipe+CoreDataProperties.swift"; sourceTree = "<group>"; };
		8EDF0A6824E0903300F2A490 /* RecipeDetail.swift */ = {isa = PBXFileReference; lastKnownFileType = sourcecode.swift; path = RecipeDetail.swift; sourceTree = "<group>"; };
		8EDF0A6A24E5D42200F2A490 /* RatingView.swift */ = {isa = PBXFileReference; lastKnownFileType = sourcecode.swift; path = RatingView.swift; sourceTree = "<group>"; };
		8EDF0A6C24E5DA8C00F2A490 /* RecipeBook.entitlements */ = {isa = PBXFileReference; lastKnownFileType = text.plist.entitlements; path = RecipeBook.entitlements; sourceTree = "<group>"; };
		8EDF0A6E24E5DAB000F2A490 /* CloudKit.framework */ = {isa = PBXFileReference; lastKnownFileType = wrapper.framework; name = CloudKit.framework; path = System/Library/Frameworks/CloudKit.framework; sourceTree = SDKROOT; };
		8EE1C43324F1A22A00E9E9FA /* FilteredrecipeListView.swift */ = {isa = PBXFileReference; lastKnownFileType = sourcecode.swift; path = FilteredrecipeListView.swift; sourceTree = "<group>"; };
		8EE219C425B78C8400075986 /* AlertEnum.swift */ = {isa = PBXFileReference; lastKnownFileType = sourcecode.swift; path = AlertEnum.swift; sourceTree = "<group>"; };
		8EE219E025BDD11200075986 /* NMLogo.swift */ = {isa = PBXFileReference; fileEncoding = 4; lastKnownFileType = sourcecode.swift; path = NMLogo.swift; sourceTree = "<group>"; };
		8EE219EB25BDD24200075986 /* Acoustic Trio.wav */ = {isa = PBXFileReference; lastKnownFileType = audio.wav; path = "Acoustic Trio.wav"; sourceTree = "<group>"; };
		8EE21A1D25BF6D9F00075986 /* it */ = {isa = PBXFileReference; lastKnownFileType = text.plist.strings; name = it; path = it.lproj/LaunchScreen.strings; sourceTree = "<group>"; };
		8EE21A1E25BF6D9F00075986 /* it */ = {isa = PBXFileReference; lastKnownFileType = text.plist.strings; name = it; path = it.lproj/Localizable.strings; sourceTree = "<group>"; };
		8EE42D06259692B5009A0D19 /* fr-CA */ = {isa = PBXFileReference; lastKnownFileType = text.plist.strings; name = "fr-CA"; path = "fr-CA.lproj/LaunchScreen.strings"; sourceTree = "<group>"; };
		8EE42D07259692B6009A0D19 /* fr-CA */ = {isa = PBXFileReference; lastKnownFileType = text.plist.strings; name = "fr-CA"; path = "fr-CA.lproj/Localizable.strings"; sourceTree = "<group>"; };
		8EFB3EB02597BFD1003F165D /* es-419 */ = {isa = PBXFileReference; lastKnownFileType = text.plist.strings; name = "es-419"; path = "es-419.lproj/LaunchScreen.strings"; sourceTree = "<group>"; };
		8EFB3EB12597BFD2003F165D /* es-419 */ = {isa = PBXFileReference; lastKnownFileType = text.plist.strings; name = "es-419"; path = "es-419.lproj/Localizable.strings"; sourceTree = "<group>"; };
		8EFB3EB22597C00B003F165D /* fr */ = {isa = PBXFileReference; lastKnownFileType = text.plist.strings; name = fr; path = fr.lproj/LaunchScreen.strings; sourceTree = "<group>"; };
		8EFB3EB32597C00B003F165D /* fr */ = {isa = PBXFileReference; lastKnownFileType = text.plist.strings; name = fr; path = fr.lproj/Localizable.strings; sourceTree = "<group>"; };
		8EFB3EC2259E5AB3003F165D /* PdfSizeReduction.swift */ = {isa = PBXFileReference; lastKnownFileType = sourcecode.swift; path = PdfSizeReduction.swift; sourceTree = "<group>"; };
		8EFB3EDC25A114DB003F165D /* NewMealTypeView.swift */ = {isa = PBXFileReference; lastKnownFileType = sourcecode.swift; path = NewMealTypeView.swift; sourceTree = "<group>"; };
/* End PBXFileReference section */

/* Begin PBXFrameworksBuildPhase section */
		8EB442AE24D4AA7000AE0D52 /* Frameworks */ = {
			isa = PBXFrameworksBuildPhase;
			buildActionMask = 2147483647;
			files = (
				8E702EBB25C33BD600440C85 /* StoreKit.framework in Frameworks */,
				8E66023224F9787B00129221 /* CloudKit.framework in Frameworks */,
				8E66023124F977F000129221 /* SwiftUI.framework in Frameworks */,
			);
			runOnlyForDeploymentPostprocessing = 0;
		};
		8EB442C724D4AA7700AE0D52 /* Frameworks */ = {
			isa = PBXFrameworksBuildPhase;
			buildActionMask = 2147483647;
			files = (
			);
			runOnlyForDeploymentPostprocessing = 0;
		};
		8EB442D224D4AA7700AE0D52 /* Frameworks */ = {
			isa = PBXFrameworksBuildPhase;
			buildActionMask = 2147483647;
			files = (
			);
			runOnlyForDeploymentPostprocessing = 0;
		};
/* End PBXFrameworksBuildPhase section */

/* Begin PBXGroup section */
		8E2A4CE324F57E1200950FB0 /* Formats */ = {
			isa = PBXGroup;
			children = (
				8E2A4CE424F57E3000950FB0 /* ColorRefernece.swift */,
				8E0D20FE24F84E73003E24AD /* NavigationBarModifier.swift */,
				8E83D637256861A3005ADBFB /* Localizable.strings */,
				8E83D63F2569BB31005ADBFB /* FuncForLocalisation.swift */,
				8EC53B38258BB41A00247B3E /* SectionHeader.swift */,
				8EB5F75B25E58C5400366737 /* iPhonePresent.swift */,
			);
			path = Formats;
			sourceTree = "<group>";
		};
		8E2A4CE624F5B2E300950FB0 /* MealCatergoriesList */ = {
			isa = PBXGroup;
			children = (
				8E2802E024EC7B70008B6057 /* MealTypeList.swift */,
				8E2A4CE724F5B32300950FB0 /* TextListView.swift */,
				8EFB3EDC25A114DB003F165D /* NewMealTypeView.swift */,
				8E83E2BF25A9010B003AB35F /* Duplicates.swift */,
			);
			path = MealCatergoriesList;
			sourceTree = "<group>";
		};
		8E702EAE25C1FFDE00440C85 /* UnlockBook */ = {
			isa = PBXGroup;
			children = (
				8E702EAF25C2001400440C85 /* UnlockBookView.swift */,
				8E8010A025C750C900F9F232 /* StoreKitTest.storekit */,
			);
			path = UnlockBook;
			sourceTree = "<group>";
		};
		8E702EB425C3369F00440C85 /* IAPManagement */ = {
			isa = PBXGroup;
			children = (
				8E702EB525C336D700440C85 /* IAPManager.swift */,
				8E8010B925C9E64300F9F232 /* InternetMonitor.swift */,
			);
			path = IAPManagement;
			sourceTree = "<group>";
		};
		8E89C8F125A63FE9005045CF /* IntroductionPage */ = {
			isa = PBXGroup;
			children = (
				8EB442BB24D4AA7000AE0D52 /* ContentView.swift */,
				8E606B4625AE395600ACCF8C /* SavedValues.swift */,
			);
			path = IntroductionPage;
			sourceTree = "<group>";
		};
		8EB0CED724FD9A81002100BE /* AddRecipe */ = {
			isa = PBXGroup;
			children = (
				8EB0CE8F24F9A3EA002100BE /* AddARecipe.swift */,
				8EB442ED24D4AAF300AE0D52 /* PhotoView.swift */,
				8EB442EB24D4AAED00AE0D52 /* PreparationView.swift */,
				8EB442E924D4AAE500AE0D52 /* IngredientView.swift */,
				8EDF0A6A24E5D42200F2A490 /* RatingView.swift */,
				8EB0CEDD24FEDDBC002100BE /* NutritionalFactsView.swift */,
				8E4A72E0255480E6005C2E3E /* URLFlietTextView.swift */,
				8EBAEC8D25797AAD0088EE6C /* DrawFromUrl.swift */,
				8E606B5325AF5A7F00ACCF8C /* ButtonView.swift */,
				8EE219C425B78C8400075986 /* AlertEnum.swift */,
			);
			path = AddRecipe;
			sourceTree = "<group>";
		};
		8EB442A824D4AA7000AE0D52 = {
			isa = PBXGroup;
			children = (
				8EB442B324D4AA7000AE0D52 /* RecipeBook */,
				8EB442CD24D4AA7700AE0D52 /* RecipeBookTests */,
				8EB442D824D4AA7700AE0D52 /* RecipeBookUITests */,
				8EB442B224D4AA7000AE0D52 /* Products */,
				8EDF0A6D24E5DAB000F2A490 /* Frameworks */,
			);
			sourceTree = "<group>";
		};
		8EB442B224D4AA7000AE0D52 /* Products */ = {
			isa = PBXGroup;
			children = (
				8EB442B124D4AA7000AE0D52 /* RecipeBook.app */,
				8EB442CA24D4AA7700AE0D52 /* RecipeBookTests.xctest */,
				8EB442D524D4AA7700AE0D52 /* RecipeBookUITests.xctest */,
			);
			name = Products;
			sourceTree = "<group>";
		};
		8EB442B324D4AA7000AE0D52 /* RecipeBook */ = {
			isa = PBXGroup;
			children = (
				8EE219EA25BDD21000075986 /* sounds */,
				8EBF446A2545F6BF0007ABFA /* Data */,
				8EDF0A6C24E5DA8C00F2A490 /* RecipeBook.entitlements */,
				8EB442B424D4AA7000AE0D52 /* AppDelegate.swift */,
				8EE219E025BDD11200075986 /* NMLogo.swift */,
				8EB442B624D4AA7000AE0D52 /* SceneDelegate.swift */,
				8EA128CA266FFB0D00A4E810 /* CKContainer+CloudKitShare.swift */,
				8EA128CF266FFB5500A4E810 /* HandleCloudKitError.swift */,
				8E89C8F125A63FE9005045CF /* IntroductionPage */,
				8E2A4CE624F5B2E300950FB0 /* MealCatergoriesList */,
				8EE1C43224F1A1E000E9E9FA /* RecipeList */,
				8EB0CED724FD9A81002100BE /* AddRecipe */,
				8E702EAE25C1FFDE00440C85 /* UnlockBook */,
				8EB442F124D4AB0400AE0D52 /* CamaraManagement */,
				8E702EB425C3369F00440C85 /* IAPManagement */,
				8EC53BC1258FCE1100247B3E /* PDFManagement */,
				8EB442EF24D4AAFB00AE0D52 /* Extensions.swift */,
				8EB442F824D4AB0D00AE0D52 /* KeyBoardHandler.swift */,
				8E2A4CE324F57E1200950FB0 /* Formats */,
				8EB442BD24D4AA7500AE0D52 /* Assets.xcassets */,
				8EB442C224D4AA7500AE0D52 /* LaunchScreen.storyboard */,
				8EB442C524D4AA7500AE0D52 /* Info.plist */,
				8E8626ED25F54DB000F1ADB8 /* InfoPlist.strings */,
				8EB442BF24D4AA7500AE0D52 /* Preview Content */,
			);
			path = RecipeBook;
			sourceTree = "<group>";
		};
		8EB442BF24D4AA7500AE0D52 /* Preview Content */ = {
			isa = PBXGroup;
			children = (
				8EB442C024D4AA7500AE0D52 /* Preview Assets.xcassets */,
			);
			path = "Preview Content";
			sourceTree = "<group>";
		};
		8EB442CD24D4AA7700AE0D52 /* RecipeBookTests */ = {
			isa = PBXGroup;
			children = (
				8EB442CE24D4AA7700AE0D52 /* RecipeBookTests.swift */,
				8EB442D024D4AA7700AE0D52 /* Info.plist */,
			);
			path = RecipeBookTests;
			sourceTree = "<group>";
		};
		8EB442D824D4AA7700AE0D52 /* RecipeBookUITests */ = {
			isa = PBXGroup;
			children = (
				8EB442D924D4AA7700AE0D52 /* RecipeBookUITests.swift */,
				8EB442DB24D4AA7700AE0D52 /* Info.plist */,
			);
			path = RecipeBookUITests;
			sourceTree = "<group>";
		};
		8EB442F124D4AB0400AE0D52 /* CamaraManagement */ = {
			isa = PBXGroup;
			children = (
				8EB442F224D4AB0400AE0D52 /* CaptureImageView.swift */,
				8E7349022565ADF600997484 /* ScanDocumentView.swift */,
				8E7348A92563274100997484 /* Coordinator2.swift */,
				8E9CD8C225895AAA0096EB68 /* SavedPdfView.swift */,
			);
			path = CamaraManagement;
			sourceTree = "<group>";
		};
		8EBF446A2545F6BF0007ABFA /* Data */ = {
			isa = PBXGroup;
			children = (
				8E2802DC24EC5A8D008B6057 /* MealType+CoreDataClass.swift */,
				8E2802DD24EC5A8D008B6057 /* MealType+CoreDataProperties.swift */,
				8EDF0A6324DF449300F2A490 /* Recipe+CoreDataProperties.swift */,
				8EDF0A6224DF449300F2A490 /* Recipe+CoreDataClass.swift */,
				8EB442B824D4AA7000AE0D52 /* RecipeBook.xcdatamodeld */,
			);
			path = Data;
			sourceTree = "<group>";
		};
		8EC53BC1258FCE1100247B3E /* PDFManagement */ = {
			isa = PBXGroup;
			children = (
				8EC53BC2258FCE6400247B3E /* PDFCreator.swift */,
				8EC53BC7258FD06500247B3E /* PdfToUIImage.swift */,
				8E1B2124257FE3A20036FFBF /* PDfViewer.swift */,
				8EC53BB5258E61B100247B3E /* Printing.swift */,
				8EFB3EC2259E5AB3003F165D /* PdfSizeReduction.swift */,
			);
			path = PDFManagement;
			sourceTree = "<group>";
		};
		8EDF0A6D24E5DAB000F2A490 /* Frameworks */ = {
			isa = PBXGroup;
			children = (
				8E702EBA25C33BD600440C85 /* StoreKit.framework */,
				8E66023024F977EF00129221 /* SwiftUI.framework */,
				8EDF0A6E24E5DAB000F2A490 /* CloudKit.framework */,
			);
			name = Frameworks;
			sourceTree = "<group>";
		};
		8EE1C43224F1A1E000E9E9FA /* RecipeList */ = {
			isa = PBXGroup;
			children = (
				8E2FEC8E253CB50C00E4B608 /* RecipePageView.swift */,
				8EDF0A6824E0903300F2A490 /* RecipeDetail.swift */,
				8EE1C43324F1A22A00E9E9FA /* FilteredrecipeListView.swift */,
				8E4F1E102506CECD0027E67A /* GeneralInformationView.swift */,
				8E4F1E122506D0980027E67A /* RecipePreparationView.swift */,
				8E4A72ED2555F5CD005C2E3E /* RecipeIngredientsView.swift */,
				8E1058EB25CF3A8E0011A105 /* WaitingToShare.swift */,
			);
			path = RecipeList;
			sourceTree = "<group>";
		};
		8EE219EA25BDD21000075986 /* sounds */ = {
			isa = PBXGroup;
			children = (
				8EE219EB25BDD24200075986 /* Acoustic Trio.wav */,
			);
			path = sounds;
			sourceTree = "<group>";
		};
/* End PBXGroup section */

/* Begin PBXNativeTarget section */
		8EB442B024D4AA7000AE0D52 /* RecipeBook */ = {
			isa = PBXNativeTarget;
			buildConfigurationList = 8EB442DE24D4AA7700AE0D52 /* Build configuration list for PBXNativeTarget "RecipeBook" */;
			buildPhases = (
				8EB442AD24D4AA7000AE0D52 /* Sources */,
				8EB442AE24D4AA7000AE0D52 /* Frameworks */,
				8EB442AF24D4AA7000AE0D52 /* Resources */,
			);
			buildRules = (
			);
			dependencies = (
			);
			name = RecipeBook;
			productName = RecipeBook;
			productReference = 8EB442B124D4AA7000AE0D52 /* RecipeBook.app */;
			productType = "com.apple.product-type.application";
		};
		8EB442C924D4AA7700AE0D52 /* RecipeBookTests */ = {
			isa = PBXNativeTarget;
			buildConfigurationList = 8EB442E124D4AA7700AE0D52 /* Build configuration list for PBXNativeTarget "RecipeBookTests" */;
			buildPhases = (
				8EB442C624D4AA7700AE0D52 /* Sources */,
				8EB442C724D4AA7700AE0D52 /* Frameworks */,
				8EB442C824D4AA7700AE0D52 /* Resources */,
			);
			buildRules = (
			);
			dependencies = (
				8EB442CC24D4AA7700AE0D52 /* PBXTargetDependency */,
			);
			name = RecipeBookTests;
			productName = RecipeBookTests;
			productReference = 8EB442CA24D4AA7700AE0D52 /* RecipeBookTests.xctest */;
			productType = "com.apple.product-type.bundle.unit-test";
		};
		8EB442D424D4AA7700AE0D52 /* RecipeBookUITests */ = {
			isa = PBXNativeTarget;
			buildConfigurationList = 8EB442E424D4AA7700AE0D52 /* Build configuration list for PBXNativeTarget "RecipeBookUITests" */;
			buildPhases = (
				8EB442D124D4AA7700AE0D52 /* Sources */,
				8EB442D224D4AA7700AE0D52 /* Frameworks */,
				8EB442D324D4AA7700AE0D52 /* Resources */,
			);
			buildRules = (
			);
			dependencies = (
				8EB442D724D4AA7700AE0D52 /* PBXTargetDependency */,
			);
			name = RecipeBookUITests;
			productName = RecipeBookUITests;
			productReference = 8EB442D524D4AA7700AE0D52 /* RecipeBookUITests.xctest */;
			productType = "com.apple.product-type.bundle.ui-testing";
		};
/* End PBXNativeTarget section */

/* Begin PBXProject section */
		8EB442A924D4AA7000AE0D52 /* Project object */ = {
			isa = PBXProject;
			attributes = {
				LastSwiftUpdateCheck = 1200;
				LastUpgradeCheck = 1200;
				TargetAttributes = {
					8EB442B024D4AA7000AE0D52 = {
						CreatedOnToolsVersion = 12.0;
					};
					8EB442C924D4AA7700AE0D52 = {
						CreatedOnToolsVersion = 12.0;
						TestTargetID = 8EB442B024D4AA7000AE0D52;
					};
					8EB442D424D4AA7700AE0D52 = {
						CreatedOnToolsVersion = 12.0;
						TestTargetID = 8EB442B024D4AA7000AE0D52;
					};
				};
			};
			buildConfigurationList = 8EB442AC24D4AA7000AE0D52 /* Build configuration list for PBXProject "RecipeBook" */;
			compatibilityVersion = "Xcode 9.3";
			developmentRegion = en;
			hasScannedForEncodings = 0;
			knownRegions = (
				en,
				Base,
				es,
				"fr-CA",
				"en-AU",
				"en-GB",
				"en-IN",
				"es-419",
				fr,
				it,
			);
			mainGroup = 8EB442A824D4AA7000AE0D52;
			productRefGroup = 8EB442B224D4AA7000AE0D52 /* Products */;
			projectDirPath = "";
			projectRoot = "";
			targets = (
				8EB442B024D4AA7000AE0D52 /* RecipeBook */,
				8EB442C924D4AA7700AE0D52 /* RecipeBookTests */,
				8EB442D424D4AA7700AE0D52 /* RecipeBookUITests */,
			);
		};
/* End PBXProject section */

/* Begin PBXResourcesBuildPhase section */
		8EB442AF24D4AA7000AE0D52 /* Resources */ = {
			isa = PBXResourcesBuildPhase;
			buildActionMask = 2147483647;
			files = (
				8EB442C424D4AA7500AE0D52 /* LaunchScreen.storyboard in Resources */,
				8E8626EB25F54DB000F1ADB8 /* InfoPlist.strings in Resources */,
				8E83D635256861A3005ADBFB /* Localizable.strings in Resources */,
				8EB442C124D4AA7500AE0D52 /* Preview Assets.xcassets in Resources */,
				8EE219EC25BDD24200075986 /* Acoustic Trio.wav in Resources */,
				8EB442BE24D4AA7500AE0D52 /* Assets.xcassets in Resources */,
			);
			runOnlyForDeploymentPostprocessing = 0;
		};
		8EB442C824D4AA7700AE0D52 /* Resources */ = {
			isa = PBXResourcesBuildPhase;
			buildActionMask = 2147483647;
			files = (
			);
			runOnlyForDeploymentPostprocessing = 0;
		};
		8EB442D324D4AA7700AE0D52 /* Resources */ = {
			isa = PBXResourcesBuildPhase;
			buildActionMask = 2147483647;
			files = (
			);
			runOnlyForDeploymentPostprocessing = 0;
		};
/* End PBXResourcesBuildPhase section */

/* Begin PBXSourcesBuildPhase section */
		8EB442AD24D4AA7000AE0D52 /* Sources */ = {
			isa = PBXSourcesBuildPhase;
			buildActionMask = 2147483647;
			files = (
				8EE219E125BDD11200075986 /* NMLogo.swift in Sources */,
				8EDF0A6524DF449300F2A490 /* Recipe+CoreDataProperties.swift in Sources */,
				8EFB3EDD25A114DB003F165D /* NewMealTypeView.swift in Sources */,
				8E2A4CE824F5B32300950FB0 /* TextListView.swift in Sources */,
				8EC53BC8258FD06500247B3E /* PdfToUIImage.swift in Sources */,
				8E702EB625C336D700440C85 /* IAPManager.swift in Sources */,
				8E2FEC8F253CB50C00E4B608 /* RecipePageView.swift in Sources */,
				8E83D6402569BB31005ADBFB /* FuncForLocalisation.swift in Sources */,
				8E606B5425AF5A7F00ACCF8C /* ButtonView.swift in Sources */,
				8E7348AA2563274100997484 /* Coordinator2.swift in Sources */,
				8E606B4725AE395600ACCF8C /* SavedValues.swift in Sources */,
				8EB442F024D4AAFB00AE0D52 /* Extensions.swift in Sources */,
				8E4A72EE2555F5CD005C2E3E /* RecipeIngredientsView.swift in Sources */,
				8E2802DE24EC5A8D008B6057 /* MealType+CoreDataClass.swift in Sources */,
				8E4F1E112506CECD0027E67A /* GeneralInformationView.swift in Sources */,
				8E702EB025C2001400440C85 /* UnlockBookView.swift in Sources */,
				8E2802DF24EC5A8D008B6057 /* MealType+CoreDataProperties.swift in Sources */,
				8EDF0A6B24E5D42200F2A490 /* RatingView.swift in Sources */,
				8EB442B524D4AA7000AE0D52 /* AppDelegate.swift in Sources */,
				8EB442B724D4AA7000AE0D52 /* SceneDelegate.swift in Sources */,
				8EB442EA24D4AAE500AE0D52 /* IngredientView.swift in Sources */,
				8EE1C43424F1A22A00E9E9FA /* FilteredrecipeListView.swift in Sources */,
				8E0D20FF24F84E73003E24AD /* NavigationBarModifier.swift in Sources */,
				8E7349032565ADF700997484 /* ScanDocumentView.swift in Sources */,
				8E1B2125257FE3A20036FFBF /* PDfViewer.swift in Sources */,
				8EB442F924D4AB0D00AE0D52 /* KeyBoardHandler.swift in Sources */,
				8E2A4CE524F57E3000950FB0 /* ColorRefernece.swift in Sources */,
				8EB442BC24D4AA7000AE0D52 /* ContentView.swift in Sources */,
				8EB442BA24D4AA7000AE0D52 /* RecipeBook.xcdatamodeld in Sources */,
				8EC53BC3258FCE6400247B3E /* PDFCreator.swift in Sources */,
				8EDF0A6424DF449300F2A490 /* Recipe+CoreDataClass.swift in Sources */,
				8EE219C525B78C8400075986 /* AlertEnum.swift in Sources */,
				8E1058EC25CF3A8E0011A105 /* WaitingToShare.swift in Sources */,
				8EB442EC24D4AAED00AE0D52 /* PreparationView.swift in Sources */,
				8EFB3EC3259E5AB3003F165D /* PdfSizeReduction.swift in Sources */,
				8EDF0A6924E0903300F2A490 /* RecipeDetail.swift in Sources */,
				8EB0CEDE24FEDDBC002100BE /* NutritionalFactsView.swift in Sources */,
				8E4A72E1255480E6005C2E3E /* URLFlietTextView.swift in Sources */,
				8E9CD8C325895AAA0096EB68 /* SavedPdfView.swift in Sources */,
				8E2802E124EC7B70008B6057 /* MealTypeList.swift in Sources */,
				8EB5F75C25E58C5400366737 /* iPhonePresent.swift in Sources */,
				8EA128D0266FFB5500A4E810 /* HandleCloudKitError.swift in Sources */,
				8EBAEC8E25797AAD0088EE6C /* DrawFromUrl.swift in Sources */,
				8EB442EE24D4AAF300AE0D52 /* PhotoView.swift in Sources */,
				8E8010BA25C9E64300F9F232 /* InternetMonitor.swift in Sources */,
				8EC53B39258BB41A00247B3E /* SectionHeader.swift in Sources */,
				8E83E2C025A9010B003AB35F /* Duplicates.swift in Sources */,
				8E4F1E132506D0980027E67A /* RecipePreparationView.swift in Sources */,
				8EA128CB266FFB0D00A4E810 /* CKContainer+CloudKitShare.swift in Sources */,
				8EB0CE9024F9A3EA002100BE /* AddARecipe.swift in Sources */,
				8EC53BB6258E61B100247B3E /* Printing.swift in Sources */,
				8EB442F524D4AB0400AE0D52 /* CaptureImageView.swift in Sources */,
			);
			runOnlyForDeploymentPostprocessing = 0;
		};
		8EB442C624D4AA7700AE0D52 /* Sources */ = {
			isa = PBXSourcesBuildPhase;
			buildActionMask = 2147483647;
			files = (
				8EB442CF24D4AA7700AE0D52 /* RecipeBookTests.swift in Sources */,
			);
			runOnlyForDeploymentPostprocessing = 0;
		};
		8EB442D124D4AA7700AE0D52 /* Sources */ = {
			isa = PBXSourcesBuildPhase;
			buildActionMask = 2147483647;
			files = (
				8EB442DA24D4AA7700AE0D52 /* RecipeBookUITests.swift in Sources */,
			);
			runOnlyForDeploymentPostprocessing = 0;
		};
/* End PBXSourcesBuildPhase section */

/* Begin PBXTargetDependency section */
		8EB442CC24D4AA7700AE0D52 /* PBXTargetDependency */ = {
			isa = PBXTargetDependency;
			target = 8EB442B024D4AA7000AE0D52 /* RecipeBook */;
			targetProxy = 8EB442CB24D4AA7700AE0D52 /* PBXContainerItemProxy */;
		};
		8EB442D724D4AA7700AE0D52 /* PBXTargetDependency */ = {
			isa = PBXTargetDependency;
			target = 8EB442B024D4AA7000AE0D52 /* RecipeBook */;
			targetProxy = 8EB442D624D4AA7700AE0D52 /* PBXContainerItemProxy */;
		};
/* End PBXTargetDependency section */

/* Begin PBXVariantGroup section */
		8E83D637256861A3005ADBFB /* Localizable.strings */ = {
			isa = PBXVariantGroup;
			children = (
				8E83D636256861A3005ADBFB /* en */,
				8E83D638256861B9005ADBFB /* es */,
				8EE42D07259692B6009A0D19 /* fr-CA */,
				8E1760E92597BF4100D62129 /* en-AU */,
				8E68F8532597BF6C00EA1CEA /* en-GB */,
				8EB1A9C02597BF9A00717EC4 /* en-IN */,
				8EFB3EB12597BFD2003F165D /* es-419 */,
				8EFB3EB32597C00B003F165D /* fr */,
				8EE21A1E25BF6D9F00075986 /* it */,
			);
			name = Localizable.strings;
			sourceTree = "<group>";
		};
		8E8626ED25F54DB000F1ADB8 /* InfoPlist.strings */ = {
			isa = PBXVariantGroup;
			children = (
				8E8626EC25F54DB000F1ADB8 /* en */,
				8E8626F125F54DC000F1ADB8 /* fr */,
				8E8626F225F54DC100F1ADB8 /* fr-CA */,
				8E8626F325F54DC500F1ADB8 /* it */,
				8E8626F425F54DC600F1ADB8 /* es */,
				8E8626F525F54DC700F1ADB8 /* es-419 */,
				8E8626F625F54DDA00F1ADB8 /* en-AU */,
				8E8626F725F54DDB00F1ADB8 /* en-IN */,
				8E8626F825F54DDB00F1ADB8 /* en-GB */,
			);
			name = InfoPlist.strings;
			sourceTree = "<group>";
		};
		8EB442C224D4AA7500AE0D52 /* LaunchScreen.storyboard */ = {
			isa = PBXVariantGroup;
			children = (
				8EB442C324D4AA7500AE0D52 /* Base */,
				8E4A72DC25534B4B005C2E3E /* es */,
				8EE42D06259692B5009A0D19 /* fr-CA */,
				8E1760E82597BF4000D62129 /* en-AU */,
				8E68F8522597BF6C00EA1CEA /* en-GB */,
				8EB1A9BF2597BF9A00717EC4 /* en-IN */,
				8EFB3EB02597BFD1003F165D /* es-419 */,
				8EFB3EB22597C00B003F165D /* fr */,
				8EE21A1D25BF6D9F00075986 /* it */,
			);
			name = LaunchScreen.storyboard;
			sourceTree = "<group>";
		};
/* End PBXVariantGroup section */

/* Begin XCBuildConfiguration section */
		8EB442DC24D4AA7700AE0D52 /* Debug */ = {
			isa = XCBuildConfiguration;
			buildSettings = {
				ALWAYS_SEARCH_USER_PATHS = NO;
				CLANG_ANALYZER_LOCALIZABILITY_NONLOCALIZED = YES;
				CLANG_ANALYZER_NONNULL = YES;
				CLANG_ANALYZER_NUMBER_OBJECT_CONVERSION = YES_AGGRESSIVE;
				CLANG_CXX_LANGUAGE_STANDARD = "gnu++14";
				CLANG_CXX_LIBRARY = "libc++";
				CLANG_ENABLE_MODULES = YES;
				CLANG_ENABLE_OBJC_ARC = YES;
				CLANG_ENABLE_OBJC_WEAK = YES;
				CLANG_WARN_BLOCK_CAPTURE_AUTORELEASING = YES;
				CLANG_WARN_BOOL_CONVERSION = YES;
				CLANG_WARN_COMMA = YES;
				CLANG_WARN_CONSTANT_CONVERSION = YES;
				CLANG_WARN_DEPRECATED_OBJC_IMPLEMENTATIONS = YES;
				CLANG_WARN_DIRECT_OBJC_ISA_USAGE = YES_ERROR;
				CLANG_WARN_DOCUMENTATION_COMMENTS = YES;
				CLANG_WARN_EMPTY_BODY = YES;
				CLANG_WARN_ENUM_CONVERSION = YES;
				CLANG_WARN_INFINITE_RECURSION = YES;
				CLANG_WARN_INT_CONVERSION = YES;
				CLANG_WARN_NON_LITERAL_NULL_CONVERSION = YES;
				CLANG_WARN_OBJC_IMPLICIT_RETAIN_SELF = YES;
				CLANG_WARN_OBJC_LITERAL_CONVERSION = YES;
				CLANG_WARN_OBJC_ROOT_CLASS = YES_ERROR;
				CLANG_WARN_QUOTED_INCLUDE_IN_FRAMEWORK_HEADER = YES;
				CLANG_WARN_RANGE_LOOP_ANALYSIS = YES;
				CLANG_WARN_STRICT_PROTOTYPES = YES;
				CLANG_WARN_SUSPICIOUS_MOVE = YES;
				CLANG_WARN_UNGUARDED_AVAILABILITY = YES_AGGRESSIVE;
				CLANG_WARN_UNREACHABLE_CODE = YES;
				CLANG_WARN__DUPLICATE_METHOD_MATCH = YES;
				COPY_PHASE_STRIP = NO;
				DEBUG_INFORMATION_FORMAT = dwarf;
				ENABLE_STRICT_OBJC_MSGSEND = YES;
				ENABLE_TESTABILITY = YES;
				GCC_C_LANGUAGE_STANDARD = gnu11;
				GCC_DYNAMIC_NO_PIC = NO;
				GCC_NO_COMMON_BLOCKS = YES;
				GCC_OPTIMIZATION_LEVEL = 0;
				GCC_PREPROCESSOR_DEFINITIONS = (
					"DEBUG=1",
					"$(inherited)",
				);
				GCC_WARN_64_TO_32_BIT_CONVERSION = YES;
				GCC_WARN_ABOUT_RETURN_TYPE = YES_ERROR;
				GCC_WARN_UNDECLARED_SELECTOR = YES;
				GCC_WARN_UNINITIALIZED_AUTOS = YES_AGGRESSIVE;
				GCC_WARN_UNUSED_FUNCTION = YES;
				GCC_WARN_UNUSED_VARIABLE = YES;
				IPHONEOS_DEPLOYMENT_TARGET = 14.0;
				MTL_ENABLE_DEBUG_INFO = INCLUDE_SOURCE;
				MTL_FAST_MATH = YES;
				ONLY_ACTIVE_ARCH = YES;
				SDKROOT = iphoneos;
				SWIFT_ACTIVE_COMPILATION_CONDITIONS = DEBUG;
				SWIFT_OPTIMIZATION_LEVEL = "-Onone";
				TARGETED_DEVICE_FAMILY = "1,2";
			};
			name = Debug;
		};
		8EB442DD24D4AA7700AE0D52 /* Release */ = {
			isa = XCBuildConfiguration;
			buildSettings = {
				ALWAYS_SEARCH_USER_PATHS = NO;
				CLANG_ANALYZER_LOCALIZABILITY_NONLOCALIZED = YES;
				CLANG_ANALYZER_NONNULL = YES;
				CLANG_ANALYZER_NUMBER_OBJECT_CONVERSION = YES_AGGRESSIVE;
				CLANG_CXX_LANGUAGE_STANDARD = "gnu++14";
				CLANG_CXX_LIBRARY = "libc++";
				CLANG_ENABLE_MODULES = YES;
				CLANG_ENABLE_OBJC_ARC = YES;
				CLANG_ENABLE_OBJC_WEAK = YES;
				CLANG_WARN_BLOCK_CAPTURE_AUTORELEASING = YES;
				CLANG_WARN_BOOL_CONVERSION = YES;
				CLANG_WARN_COMMA = YES;
				CLANG_WARN_CONSTANT_CONVERSION = YES;
				CLANG_WARN_DEPRECATED_OBJC_IMPLEMENTATIONS = YES;
				CLANG_WARN_DIRECT_OBJC_ISA_USAGE = YES_ERROR;
				CLANG_WARN_DOCUMENTATION_COMMENTS = YES;
				CLANG_WARN_EMPTY_BODY = YES;
				CLANG_WARN_ENUM_CONVERSION = YES;
				CLANG_WARN_INFINITE_RECURSION = YES;
				CLANG_WARN_INT_CONVERSION = YES;
				CLANG_WARN_NON_LITERAL_NULL_CONVERSION = YES;
				CLANG_WARN_OBJC_IMPLICIT_RETAIN_SELF = YES;
				CLANG_WARN_OBJC_LITERAL_CONVERSION = YES;
				CLANG_WARN_OBJC_ROOT_CLASS = YES_ERROR;
				CLANG_WARN_QUOTED_INCLUDE_IN_FRAMEWORK_HEADER = YES;
				CLANG_WARN_RANGE_LOOP_ANALYSIS = YES;
				CLANG_WARN_STRICT_PROTOTYPES = YES;
				CLANG_WARN_SUSPICIOUS_MOVE = YES;
				CLANG_WARN_UNGUARDED_AVAILABILITY = YES_AGGRESSIVE;
				CLANG_WARN_UNREACHABLE_CODE = YES;
				CLANG_WARN__DUPLICATE_METHOD_MATCH = YES;
				COPY_PHASE_STRIP = NO;
				DEBUG_INFORMATION_FORMAT = "dwarf-with-dsym";
				ENABLE_NS_ASSERTIONS = NO;
				ENABLE_STRICT_OBJC_MSGSEND = YES;
				GCC_C_LANGUAGE_STANDARD = gnu11;
				GCC_NO_COMMON_BLOCKS = YES;
				GCC_WARN_64_TO_32_BIT_CONVERSION = YES;
				GCC_WARN_ABOUT_RETURN_TYPE = YES_ERROR;
				GCC_WARN_UNDECLARED_SELECTOR = YES;
				GCC_WARN_UNINITIALIZED_AUTOS = YES_AGGRESSIVE;
				GCC_WARN_UNUSED_FUNCTION = YES;
				GCC_WARN_UNUSED_VARIABLE = YES;
				IPHONEOS_DEPLOYMENT_TARGET = 14.0;
				MTL_ENABLE_DEBUG_INFO = NO;
				MTL_FAST_MATH = YES;
				SDKROOT = iphoneos;
				SWIFT_COMPILATION_MODE = wholemodule;
				SWIFT_OPTIMIZATION_LEVEL = "-O";
				TARGETED_DEVICE_FAMILY = "1,2";
				VALIDATE_PRODUCT = YES;
			};
			name = Release;
		};
		8EB442DF24D4AA7700AE0D52 /* Debug */ = {
			isa = XCBuildConfiguration;
			buildSettings = {
				ASSETCATALOG_COMPILER_APPICON_NAME = AppIcon;
				ASSETCATALOG_COMPILER_GLOBAL_ACCENT_COLOR_NAME = AccentColor;
				CODE_SIGN_ENTITLEMENTS = RecipeBook/RecipeBook.entitlements;
				CODE_SIGN_STYLE = Automatic;
				CURRENT_PROJECT_VERSION = 1.0;
				DEVELOPMENT_ASSET_PATHS = "\"RecipeBook/Preview Content\"";
				DEVELOPMENT_TEAM = X6D769Z7F4;
				ENABLE_PREVIEWS = YES;
				INFOPLIST_FILE = RecipeBook/Info.plist;
				IPHONEOS_DEPLOYMENT_TARGET = 14.0;
				LD_RUNPATH_SEARCH_PATHS = (
					"$(inherited)",
					"@executable_path/Frameworks",
				);
				MARKETING_VERSION = 1.5;
				ONLY_ACTIVE_ARCH = YES;
				PRODUCT_BUNDLE_IDENTIFIER = NM.RecipeBook;
				PRODUCT_NAME = "$(TARGET_NAME)";
				SWIFT_VERSION = 5.0;
				TARGETED_DEVICE_FAMILY = "1,2";
			};
			name = Debug;
		};
		8EB442E024D4AA7700AE0D52 /* Release */ = {
			isa = XCBuildConfiguration;
			buildSettings = {
				ASSETCATALOG_COMPILER_APPICON_NAME = AppIcon;
				ASSETCATALOG_COMPILER_GLOBAL_ACCENT_COLOR_NAME = AccentColor;
				CODE_SIGN_ENTITLEMENTS = RecipeBook/RecipeBook.entitlements;
				CODE_SIGN_STYLE = Automatic;
				CURRENT_PROJECT_VERSION = 1.0;
				DEVELOPMENT_ASSET_PATHS = "\"RecipeBook/Preview Content\"";
				DEVELOPMENT_TEAM = X6D769Z7F4;
				ENABLE_PREVIEWS = YES;
				INFOPLIST_FILE = RecipeBook/Info.plist;
				IPHONEOS_DEPLOYMENT_TARGET = 14.0;
				LD_RUNPATH_SEARCH_PATHS = (
					"$(inherited)",
					"@executable_path/Frameworks",
				);
				MARKETING_VERSION = 1.5;
				ONLY_ACTIVE_ARCH = YES;
				PRODUCT_BUNDLE_IDENTIFIER = NM.RecipeBook;
				PRODUCT_NAME = "$(TARGET_NAME)";
				SWIFT_VERSION = 5.0;
				TARGETED_DEVICE_FAMILY = "1,2";
			};
			name = Release;
		};
		8EB442E224D4AA7700AE0D52 /* Debug */ = {
			isa = XCBuildConfiguration;
			buildSettings = {
				ALWAYS_EMBED_SWIFT_STANDARD_LIBRARIES = YES;
				BUNDLE_LOADER = "$(TEST_HOST)";
				CODE_SIGN_STYLE = Automatic;
				DEVELOPMENT_TEAM = X6D769Z7F4;
				INFOPLIST_FILE = RecipeBookTests/Info.plist;
				IPHONEOS_DEPLOYMENT_TARGET = 14.0;
				LD_RUNPATH_SEARCH_PATHS = (
					"$(inherited)",
					"@executable_path/Frameworks",
					"@loader_path/Frameworks",
				);
				PRODUCT_BUNDLE_IDENTIFIER = NM.RecipeBookTests;
				PRODUCT_NAME = "$(TARGET_NAME)";
				SWIFT_VERSION = 5.0;
				TARGETED_DEVICE_FAMILY = "1,2";
				TEST_HOST = "$(BUILT_PRODUCTS_DIR)/RecipeBook.app/RecipeBook";
			};
			name = Debug;
		};
		8EB442E324D4AA7700AE0D52 /* Release */ = {
			isa = XCBuildConfiguration;
			buildSettings = {
				ALWAYS_EMBED_SWIFT_STANDARD_LIBRARIES = YES;
				BUNDLE_LOADER = "$(TEST_HOST)";
				CODE_SIGN_STYLE = Automatic;
				DEVELOPMENT_TEAM = X6D769Z7F4;
				INFOPLIST_FILE = RecipeBookTests/Info.plist;
				IPHONEOS_DEPLOYMENT_TARGET = 14.0;
				LD_RUNPATH_SEARCH_PATHS = (
					"$(inherited)",
					"@executable_path/Frameworks",
					"@loader_path/Frameworks",
				);
				PRODUCT_BUNDLE_IDENTIFIER = NM.RecipeBookTests;
				PRODUCT_NAME = "$(TARGET_NAME)";
				SWIFT_VERSION = 5.0;
				TARGETED_DEVICE_FAMILY = "1,2";
				TEST_HOST = "$(BUILT_PRODUCTS_DIR)/RecipeBook.app/RecipeBook";
			};
			name = Release;
		};
		8EB442E524D4AA7700AE0D52 /* Debug */ = {
			isa = XCBuildConfiguration;
			buildSettings = {
				ALWAYS_EMBED_SWIFT_STANDARD_LIBRARIES = YES;
				CODE_SIGN_STYLE = Automatic;
				DEVELOPMENT_TEAM = X6D769Z7F4;
				INFOPLIST_FILE = RecipeBookUITests/Info.plist;
				LD_RUNPATH_SEARCH_PATHS = (
					"$(inherited)",
					"@executable_path/Frameworks",
					"@loader_path/Frameworks",
				);
				PRODUCT_BUNDLE_IDENTIFIER = NM.RecipeBookUITests;
				PRODUCT_NAME = "$(TARGET_NAME)";
				SWIFT_VERSION = 5.0;
				TARGETED_DEVICE_FAMILY = "1,2";
				TEST_TARGET_NAME = RecipeBook;
			};
			name = Debug;
		};
		8EB442E624D4AA7700AE0D52 /* Release */ = {
			isa = XCBuildConfiguration;
			buildSettings = {
				ALWAYS_EMBED_SWIFT_STANDARD_LIBRARIES = YES;
				CODE_SIGN_STYLE = Automatic;
				DEVELOPMENT_TEAM = X6D769Z7F4;
				INFOPLIST_FILE = RecipeBookUITests/Info.plist;
				LD_RUNPATH_SEARCH_PATHS = (
					"$(inherited)",
					"@executable_path/Frameworks",
					"@loader_path/Frameworks",
				);
				PRODUCT_BUNDLE_IDENTIFIER = NM.RecipeBookUITests;
				PRODUCT_NAME = "$(TARGET_NAME)";
				SWIFT_VERSION = 5.0;
				TARGETED_DEVICE_FAMILY = "1,2";
				TEST_TARGET_NAME = RecipeBook;
			};
			name = Release;
		};
/* End XCBuildConfiguration section */

/* Begin XCConfigurationList section */
		8EB442AC24D4AA7000AE0D52 /* Build configuration list for PBXProject "RecipeBook" */ = {
			isa = XCConfigurationList;
			buildConfigurations = (
				8EB442DC24D4AA7700AE0D52 /* Debug */,
				8EB442DD24D4AA7700AE0D52 /* Release */,
			);
			defaultConfigurationIsVisible = 0;
			defaultConfigurationName = Release;
		};
		8EB442DE24D4AA7700AE0D52 /* Build configuration list for PBXNativeTarget "RecipeBook" */ = {
			isa = XCConfigurationList;
			buildConfigurations = (
				8EB442DF24D4AA7700AE0D52 /* Debug */,
				8EB442E024D4AA7700AE0D52 /* Release */,
			);
			defaultConfigurationIsVisible = 0;
			defaultConfigurationName = Release;
		};
		8EB442E124D4AA7700AE0D52 /* Build configuration list for PBXNativeTarget "RecipeBookTests" */ = {
			isa = XCConfigurationList;
			buildConfigurations = (
				8EB442E224D4AA7700AE0D52 /* Debug */,
				8EB442E324D4AA7700AE0D52 /* Release */,
			);
			defaultConfigurationIsVisible = 0;
			defaultConfigurationName = Release;
		};
		8EB442E424D4AA7700AE0D52 /* Build configuration list for PBXNativeTarget "RecipeBookUITests" */ = {
			isa = XCConfigurationList;
			buildConfigurations = (
				8EB442E524D4AA7700AE0D52 /* Debug */,
				8EB442E624D4AA7700AE0D52 /* Release */,
			);
			defaultConfigurationIsVisible = 0;
			defaultConfigurationName = Release;
		};
/* End XCConfigurationList section */

/* Begin XCVersionGroup section */
		8EB442B824D4AA7000AE0D52 /* RecipeBook.xcdatamodeld */ = {
			isa = XCVersionGroup;
			children = (
				8EB442B924D4AA7000AE0D52 /* RecipeBook.xcdatamodel */,
			);
			currentVersion = 8EB442B924D4AA7000AE0D52 /* RecipeBook.xcdatamodel */;
			path = RecipeBook.xcdatamodeld;
			sourceTree = "<group>";
			versionGroupType = wrapper.xcdatamodel;
		};
/* End XCVersionGroup section */
	};
	rootObject = 8EB442A924D4AA7000AE0D52 /* Project object */;
}
